// !$*UTF8*$!
{
	archiveVersion = 1;
	classes = {
	};
	objectVersion = 46;
	objects = {

/* Begin PBXBuildFile section */
		34CFBFCE1BF0989E001CAD45 /* AppDelegate.m in Sources */ = {isa = PBXBuildFile; fileRef = 34CFBFCD1BF0989E001CAD45 /* AppDelegate.m */; };
		34CFBFD11BF0989E001CAD45 /* main.m in Sources */ = {isa = PBXBuildFile; fileRef = 34CFBFD01BF0989E001CAD45 /* main.m */; };
		34CFBFD31BF0989E001CAD45 /* Assets.xcassets in Resources */ = {isa = PBXBuildFile; fileRef = 34CFBFD21BF0989E001CAD45 /* Assets.xcassets */; };
		34CFBFD61BF0989E001CAD45 /* MainMenu.xib in Resources */ = {isa = PBXBuildFile; fileRef = 34CFBFD41BF0989E001CAD45 /* MainMenu.xib */; };
		34CFBFDE1BF09B30001CAD45 /* UnicodeData_8_0_0.txt in Resources */ = {isa = PBXBuildFile; fileRef = 34CFBFDD1BF09B30001CAD45 /* UnicodeData_8_0_0.txt */; };
/* End PBXBuildFile section */

/* Begin PBXFileReference section */
		34CFBFC91BF0989E001CAD45 /* UnicodeName.app */ = {isa = PBXFileReference; explicitFileType = wrapper.application; includeInIndex = 0; path = UnicodeName.app; sourceTree = BUILT_PRODUCTS_DIR; };
		34CFBFCC1BF0989E001CAD45 /* AppDelegate.h */ = {isa = PBXFileReference; lastKnownFileType = sourcecode.c.h; path = AppDelegate.h; sourceTree = "<group>"; };
		34CFBFCD1BF0989E001CAD45 /* AppDelegate.m */ = {isa = PBXFileReference; lastKnownFileType = sourcecode.c.objc; path = AppDelegate.m; sourceTree = "<group>"; };
		34CFBFD01BF0989E001CAD45 /* main.m */ = {isa = PBXFileReference; lastKnownFileType = sourcecode.c.objc; path = main.m; sourceTree = "<group>"; };
		34CFBFD21BF0989E001CAD45 /* Assets.xcassets */ = {isa = PBXFileReference; lastKnownFileType = folder.assetcatalog; path = Assets.xcassets; sourceTree = "<group>"; };
		34CFBFD51BF0989E001CAD45 /* Base */ = {isa = PBXFileReference; lastKnownFileType = file.xib; name = Base; path = Base.lproj/MainMenu.xib; sourceTree = "<group>"; };
		34CFBFD71BF0989E001CAD45 /* Info.plist */ = {isa = PBXFileReference; lastKnownFileType = text.plist.xml; path = Info.plist; sourceTree = "<group>"; };
		34CFBFDD1BF09B30001CAD45 /* UnicodeData_8_0_0.txt */ = {isa = PBXFileReference; fileEncoding = 4; lastKnownFileType = text; path = UnicodeData_8_0_0.txt; sourceTree = "<group>"; };
/* End PBXFileReference section */

/* Begin PBXFrameworksBuildPhase section */
		34CFBFC61BF0989E001CAD45 /* Frameworks */ = {
			isa = PBXFrameworksBuildPhase;
			buildActionMask = 2147483647;
			files = (
			);
			runOnlyForDeploymentPostprocessing = 0;
		};
/* End PBXFrameworksBuildPhase section */

/* Begin PBXGroup section */
		34CFBFC01BF0989E001CAD45 = {
			isa = PBXGroup;
			children = (
				34CFBFCB1BF0989E001CAD45 /* UnicodeName */,
				34CFBFCA1BF0989E001CAD45 /* Products */,
			);
			sourceTree = "<group>";
		};
		34CFBFCA1BF0989E001CAD45 /* Products */ = {
			isa = PBXGroup;
			children = (
				34CFBFC91BF0989E001CAD45 /* UnicodeName.app */,
			);
			name = Products;
			sourceTree = "<group>";
		};
		34CFBFCB1BF0989E001CAD45 /* UnicodeName */ = {
			isa = PBXGroup;
			children = (
				34CFBFDD1BF09B30001CAD45 /* UnicodeData_8_0_0.txt */,
				34CFBFCC1BF0989E001CAD45 /* AppDelegate.h */,
				34CFBFCD1BF0989E001CAD45 /* AppDelegate.m */,
				34CFBFD21BF0989E001CAD45 /* Assets.xcassets */,
				34CFBFD41BF0989E001CAD45 /* MainMenu.xib */,
				34CFBFD71BF0989E001CAD45 /* Info.plist */,
				34CFBFCF1BF0989E001CAD45 /* Supporting Files */,
			);
			path = UnicodeName;
			sourceTree = "<group>";
		};
		34CFBFCF1BF0989E001CAD45 /* Supporting Files */ = {
			isa = PBXGroup;
			children = (
				34CFBFD01BF0989E001CAD45 /* main.m */,
			);
			name = "Supporting Files";
			sourceTree = "<group>";
		};
/* End PBXGroup section */

/* Begin PBXNativeTarget section */
		34CFBFC81BF0989E001CAD45 /* UnicodeName */ = {
			isa = PBXNativeTarget;
			buildConfigurationList = 34CFBFDA1BF0989E001CAD45 /* Build configuration list for PBXNativeTarget "UnicodeName" */;
			buildPhases = (
				34CFBFC51BF0989E001CAD45 /* Sources */,
				34CFBFC61BF0989E001CAD45 /* Frameworks */,
				34CFBFC71BF0989E001CAD45 /* Resources */,
			);
			buildRules = (
			);
			dependencies = (
			);
			name = UnicodeName;
			productName = UnicodeName;
			productReference = 34CFBFC91BF0989E001CAD45 /* UnicodeName.app */;
			productType = "com.apple.product-type.application";
		};
/* End PBXNativeTarget section */

/* Begin PBXProject section */
		34CFBFC11BF0989E001CAD45 /* Project object */ = {
			isa = PBXProject;
			attributes = {
				LastUpgradeCheck = 0710;
				TargetAttributes = {
					34CFBFC81BF0989E001CAD45 = {
						CreatedOnToolsVersion = 7.1;
					};
				};
			};
			buildConfigurationList = 34CFBFC41BF0989E001CAD45 /* Build configuration list for PBXProject "UnicodeName" */;
			compatibilityVersion = "Xcode 3.2";
			developmentRegion = English;
			hasScannedForEncodings = 0;
			knownRegions = (
				en,
				Base,
			);
			mainGroup = 34CFBFC01BF0989E001CAD45;
			productRefGroup = 34CFBFCA1BF0989E001CAD45 /* Products */;
			projectDirPath = "";
			projectRoot = "";
			targets = (
				34CFBFC81BF0989E001CAD45 /* UnicodeName */,
			);
		};
/* End PBXProject section */

/* Begin PBXResourcesBuildPhase section */
		34CFBFC71BF0989E001CAD45 /* Resources */ = {
			isa = PBXResourcesBuildPhase;
			buildActionMask = 2147483647;
			files = (
				34CFBFD31BF0989E001CAD45 /* Assets.xcassets in Resources */,
				34CFBFD61BF0989E001CAD45 /* MainMenu.xib in Resources */,
				34CFBFDE1BF09B30001CAD45 /* UnicodeData_8_0_0.txt in Resources */,
			);
			runOnlyForDeploymentPostprocessing = 0;
		};
/* End PBXResourcesBuildPhase section */

/* Begin PBXSourcesBuildPhase section */
		34CFBFC51BF0989E001CAD45 /* Sources */ = {
			isa = PBXSourcesBuildPhase;
			buildActionMask = 2147483647;
			files = (
				34CFBFD11BF0989E001CAD45 /* main.m in Sources */,
				34CFBFCE1BF0989E001CAD45 /* AppDelegate.m in Sources */,
			);
			runOnlyForDeploymentPostprocessing = 0;
		};
/* End PBXSourcesBuildPhase section */

/* Begin PBXVariantGroup section */
		34CFBFD41BF0989E001CAD45 /* MainMenu.xib */ = {
			isa = PBXVariantGroup;
			children = (
				34CFBFD51BF0989E001CAD45 /* Base */,
			);
			name = MainMenu.xib;
			sourceTree = "<group>";
		};
/* End PBXVariantGroup section */

/* Begin XCBuildConfiguration section */
		34CFBFD81BF0989E001CAD45 /* Debug */ = {
			isa = XCBuildConfiguration;
			buildSettings = {
				ALWAYS_SEARCH_USER_PATHS = NO;
				CLANG_CXX_LANGUAGE_STANDARD = "gnu++0x";
				CLANG_CXX_LIBRARY = "libc++";
				CLANG_ENABLE_MODULES = YES;
				CLANG_ENABLE_OBJC_ARC = YES;
				CLANG_WARN_BOOL_CONVERSION = YES;
				CLANG_WARN_CONSTANT_CONVERSION = YES;
				CLANG_WARN_DIRECT_OBJC_ISA_USAGE = YES_ERROR;
				CLANG_WARN_EMPTY_BODY = YES;
				CLANG_WARN_ENUM_CONVERSION = YES;
				CLANG_WARN_INT_CONVERSION = YES;
				CLANG_WARN_OBJC_ROOT_CLASS = YES_ERROR;
				CLANG_WARN_UNREACHABLE_CODE = YES;
				CLANG_WARN__DUPLICATE_METHOD_MATCH = YES;
				CODE_SIGN_IDENTITY = "-";
				COPY_PHASE_STRIP = NO;
				DEBUG_INFORMATION_FORMAT = dwarf;
				ENABLE_STRICT_OBJC_MSGSEND = YES;
				ENABLE_TESTABILITY = YES;
				GCC_C_LANGUAGE_STANDARD = gnu99;
				GCC_DYNAMIC_NO_PIC = NO;
				GCC_NO_COMMON_BLOCKS = YES;
				GCC_OPTIMIZATION_LEVEL = 0;
				GCC_PREPROCESSOR_DEFINITIONS = (
					"DEBUG=1",
					"$(inherited)",
				);
				GCC_WARN_64_TO_32_BIT_CONVERSION = YES;
				GCC_WARN_ABOUT_RETURN_TYPE = YES_ERROR;
				GCC_WARN_UNDECLARED_SELECTOR = YES;
				GCC_WARN_UNINITIALIZED_AUTOS = YES_AGGRESSIVE;
				GCC_WARN_UNUSED_FUNCTION = YES;
				GCC_WARN_UNUSED_VARIABLE = YES;
				MACOSX_DEPLOYMENT_TARGET = 10.9;
				MTL_ENABLE_DEBUG_INFO = YES;
				ONLY_ACTIVE_ARCH = YES;
				SDKROOT = macosx;
			};
			name = Debug;
		};
		34CFBFD91BF0989E001CAD45 /* Release */ = {
			isa = XCBuildConfiguration;
			buildSettings = {
				ALWAYS_SEARCH_USER_PATHS = NO;
				CLANG_CXX_LANGUAGE_STANDARD = "gnu++0x";
				CLANG_CXX_LIBRARY = "libc++";
				CLANG_ENABLE_MODULES = YES;
				CLANG_ENABLE_OBJC_ARC = YES;
				CLANG_WARN_BOOL_CONVERSION = YES;
				CLANG_WARN_CONSTANT_CONVERSION = YES;
				CLANG_WARN_DIRECT_OBJC_ISA_USAGE = YES_ERROR;
				CLANG_WARN_EMPTY_BODY = YES;
				CLANG_WARN_ENUM_CONVERSION = YES;
				CLANG_WARN_INT_CONVERSION = YES;
				CLANG_WARN_OBJC_ROOT_CLASS = YES_ERROR;
				CLANG_WARN_UNREACHABLE_CODE = YES;
				CLANG_WARN__DUPLICATE_METHOD_MATCH = YES;
				CODE_SIGN_IDENTITY = "-";
				COPY_PHASE_STRIP = NO;
				DEBUG_INFORMATION_FORMAT = "dwarf-with-dsym";
				ENABLE_NS_ASSERTIONS = NO;
				ENABLE_STRICT_OBJC_MSGSEND = YES;
				GCC_C_LANGUAGE_STANDARD = gnu99;
				GCC_NO_COMMON_BLOCKS = YES;
				GCC_WARN_64_TO_32_BIT_CONVERSION = YES;
				GCC_WARN_ABOUT_RETURN_TYPE = YES_ERROR;
				GCC_WARN_UNDECLARED_SELECTOR = YES;
				GCC_WARN_UNINITIALIZED_AUTOS = YES_AGGRESSIVE;
				GCC_WARN_UNUSED_FUNCTION = YES;
				GCC_WARN_UNUSED_VARIABLE = YES;
				MACOSX_DEPLOYMENT_TARGET = 10.9;
				MTL_ENABLE_DEBUG_INFO = NO;
				SDKROOT = macosx;
			};
			name = Release;
		};
		34CFBFDB1BF0989E001CAD45 /* Debug */ = {
			isa = XCBuildConfiguration;
			buildSettings = {
				ASSETCATALOG_COMPILER_APPICON_NAME = AppIcon;
				COMBINE_HIDPI_IMAGES = YES;
				INFOPLIST_FILE = UnicodeName/Info.plist;
				LD_RUNPATH_SEARCH_PATHS = "$(inherited) @executable_path/../Frameworks";
				MACOSX_DEPLOYMENT_TARGET = 10.9;
				PRODUCT_BUNDLE_IDENTIFIER = com.lifeaether.UnicodeName;
				PRODUCT_NAME = "$(TARGET_NAME)";
			};
			name = Debug;
		};
		34CFBFDC1BF0989E001CAD45 /* Release */ = {
			isa = XCBuildConfiguration;
			buildSettings = {
				ASSETCATALOG_COMPILER_APPICON_NAME = AppIcon;
				COMBINE_HIDPI_IMAGES = YES;
				INFOPLIST_FILE = UnicodeName/Info.plist;
				LD_RUNPATH_SEARCH_PATHS = "$(inherited) @executable_path/../Frameworks";
				MACOSX_DEPLOYMENT_TARGET = 10.9;
				PRODUCT_BUNDLE_IDENTIFIER = com.lifeaether.UnicodeName;
				PRODUCT_NAME = "$(TARGET_NAME)";
			};
			name = Release;
		};
/* End XCBuildConfiguration section */

/* Begin XCConfigurationList section */
		34CFBFC41BF0989E001CAD45 /* Build configuration list for PBXProject "UnicodeName" */ = {
			isa = XCConfigurationList;
			buildConfigurations = (
				34CFBFD81BF0989E001CAD45 /* Debug */,
				34CFBFD91BF0989E001CAD45 /* Release */,
			);
			defaultConfigurationIsVisible = 0;
			defaultConfigurationName = Release;
		};
		34CFBFDA1BF0989E001CAD45 /* Build configuration list for PBXNativeTarget "UnicodeName" */ = {
			isa = XCConfigurationList;
			buildConfigurations = (
				34CFBFDB1BF0989E001CAD45 /* Debug */,
				34CFBFDC1BF0989E001CAD45 /* Release */,
			);
			defaultConfigurationIsVisible = 0;
			defaultConfigurationName = Release;
		};
/* End XCConfigurationList section */
	};
	rootObject = 34CFBFC11BF0989E001CAD45 /* Project object */;
}
